// !$*UTF8*$!
{
	archiveVersion = 1;
	classes = {
	};
	objectVersion = 50;
	objects = {

/* Begin PBXBuildFile section */
		80211D7021458BE1000F6121 /* AppDelegate.swift in Sources */ = {isa = PBXBuildFile; fileRef = 80211D6F21458BE1000F6121 /* AppDelegate.swift */; };
		80211D7221458BE1000F6121 /* ViewController.swift in Sources */ = {isa = PBXBuildFile; fileRef = 80211D7121458BE1000F6121 /* ViewController.swift */; };
		80211D7521458BE1000F6121 /* Main.storyboard in Resources */ = {isa = PBXBuildFile; fileRef = 80211D7321458BE1000F6121 /* Main.storyboard */; };
		80211D7721458BEE000F6121 /* Assets.xcassets in Resources */ = {isa = PBXBuildFile; fileRef = 80211D7621458BEE000F6121 /* Assets.xcassets */; };
		80211D7A21458BEE000F6121 /* LaunchScreen.storyboard in Resources */ = {isa = PBXBuildFile; fileRef = 80211D7821458BEE000F6121 /* LaunchScreen.storyboard */; };
		80211D8521458BEE000F6121 /* Practica5Tests.swift in Sources */ = {isa = PBXBuildFile; fileRef = 80211D8421458BEE000F6121 /* Practica5Tests.swift */; };
		80211D9021458BEE000F6121 /* Practica5UITests.swift in Sources */ = {isa = PBXBuildFile; fileRef = 80211D8F21458BEE000F6121 /* Practica5UITests.swift */; };
/* End PBXBuildFile section */

/* Begin PBXContainerItemProxy section */
		80211D8121458BEE000F6121 /* PBXContainerItemProxy */ = {
			isa = PBXContainerItemProxy;
			containerPortal = 80211D6421458BE1000F6121 /* Project object */;
			proxyType = 1;
			remoteGlobalIDString = 80211D6B21458BE1000F6121;
			remoteInfo = Practica5;
		};
		80211D8C21458BEE000F6121 /* PBXContainerItemProxy */ = {
			isa = PBXContainerItemProxy;
			containerPortal = 80211D6421458BE1000F6121 /* Project object */;
			proxyType = 1;
			remoteGlobalIDString = 80211D6B21458BE1000F6121;
			remoteInfo = Practica5;
		};
/* End PBXContainerItemProxy section */

/* Begin PBXFileReference section */
		80211D6C21458BE1000F6121 /* Practica5.app */ = {isa = PBXFileReference; explicitFileType = wrapper.application; includeInIndex = 0; path = Practica5.app; sourceTree = BUILT_PRODUCTS_DIR; };
		80211D6F21458BE1000F6121 /* AppDelegate.swift */ = {isa = PBXFileReference; lastKnownFileType = sourcecode.swift; path = AppDelegate.swift; sourceTree = "<group>"; };
		80211D7121458BE1000F6121 /* ViewController.swift */ = {isa = PBXFileReference; lastKnownFileType = sourcecode.swift; path = ViewController.swift; sourceTree = "<group>"; };
		80211D7421458BE1000F6121 /* Base */ = {isa = PBXFileReference; lastKnownFileType = file.storyboard; name = Base; path = Base.lproj/Main.storyboard; sourceTree = "<group>"; };
		80211D7621458BEE000F6121 /* Assets.xcassets */ = {isa = PBXFileReference; lastKnownFileType = folder.assetcatalog; path = Assets.xcassets; sourceTree = "<group>"; };
		80211D7921458BEE000F6121 /* Base */ = {isa = PBXFileReference; lastKnownFileType = file.storyboard; name = Base; path = Base.lproj/LaunchScreen.storyboard; sourceTree = "<group>"; };
		80211D7B21458BEE000F6121 /* Info.plist */ = {isa = PBXFileReference; lastKnownFileType = text.plist.xml; path = Info.plist; sourceTree = "<group>"; };
		80211D8021458BEE000F6121 /* Practica5Tests.xctest */ = {isa = PBXFileReference; explicitFileType = wrapper.cfbundle; includeInIndex = 0; path = Practica5Tests.xctest; sourceTree = BUILT_PRODUCTS_DIR; };
		80211D8421458BEE000F6121 /* Practica5Tests.swift */ = {isa = PBXFileReference; lastKnownFileType = sourcecode.swift; path = Practica5Tests.swift; sourceTree = "<group>"; };
		80211D8621458BEE000F6121 /* Info.plist */ = {isa = PBXFileReference; lastKnownFileType = text.plist.xml; path = Info.plist; sourceTree = "<group>"; };
		80211D8B21458BEE000F6121 /* Practica5UITests.xctest */ = {isa = PBXFileReference; explicitFileType = wrapper.cfbundle; includeInIndex = 0; path = Practica5UITests.xctest; sourceTree = BUILT_PRODUCTS_DIR; };
		80211D8F21458BEE000F6121 /* Practica5UITests.swift */ = {isa = PBXFileReference; lastKnownFileType = sourcecode.swift; path = Practica5UITests.swift; sourceTree = "<group>"; };
		80211D9121458BEE000F6121 /* Info.plist */ = {isa = PBXFileReference; lastKnownFileType = text.plist.xml; path = Info.plist; sourceTree = "<group>"; };
/* End PBXFileReference section */

/* Begin PBXFrameworksBuildPhase section */
		80211D6921458BE1000F6121 /* Frameworks */ = {
			isa = PBXFrameworksBuildPhase;
			buildActionMask = 2147483647;
			files = (
			);
			runOnlyForDeploymentPostprocessing = 0;
		};
		80211D7D21458BEE000F6121 /* Frameworks */ = {
			isa = PBXFrameworksBuildPhase;
			buildActionMask = 2147483647;
			files = (
			);
			runOnlyForDeploymentPostprocessing = 0;
		};
		80211D8821458BEE000F6121 /* Frameworks */ = {
			isa = PBXFrameworksBuildPhase;
			buildActionMask = 2147483647;
			files = (
			);
			runOnlyForDeploymentPostprocessing = 0;
		};
/* End PBXFrameworksBuildPhase section */

/* Begin PBXGroup section */
		80211D6321458BE1000F6121 = {
			isa = PBXGroup;
			children = (
				80211D6E21458BE1000F6121 /* Practica5 */,
				80211D8321458BEE000F6121 /* Practica5Tests */,
				80211D8E21458BEE000F6121 /* Practica5UITests */,
				80211D6D21458BE1000F6121 /* Products */,
			);
			sourceTree = "<group>";
		};
		80211D6D21458BE1000F6121 /* Products */ = {
			isa = PBXGroup;
			children = (
				80211D6C21458BE1000F6121 /* Practica5.app */,
				80211D8021458BEE000F6121 /* Practica5Tests.xctest */,
				80211D8B21458BEE000F6121 /* Practica5UITests.xctest */,
			);
			name = Products;
			sourceTree = "<group>";
		};
		80211D6E21458BE1000F6121 /* Practica5 */ = {
			isa = PBXGroup;
			children = (
				80211D6F21458BE1000F6121 /* AppDelegate.swift */,
				80211D7121458BE1000F6121 /* ViewController.swift */,
				80211D7321458BE1000F6121 /* Main.storyboard */,
				80211D7621458BEE000F6121 /* Assets.xcassets */,
				80211D7821458BEE000F6121 /* LaunchScreen.storyboard */,
				80211D7B21458BEE000F6121 /* Info.plist */,
			);
			path = Practica5;
			sourceTree = "<group>";
		};
		80211D8321458BEE000F6121 /* Practica5Tests */ = {
			isa = PBXGroup;
			children = (
				80211D8421458BEE000F6121 /* Practica5Tests.swift */,
				80211D8621458BEE000F6121 /* Info.plist */,
			);
			path = Practica5Tests;
			sourceTree = "<group>";
		};
		80211D8E21458BEE000F6121 /* Practica5UITests */ = {
			isa = PBXGroup;
			children = (
				80211D8F21458BEE000F6121 /* Practica5UITests.swift */,
				80211D9121458BEE000F6121 /* Info.plist */,
			);
			path = Practica5UITests;
			sourceTree = "<group>";
		};
/* End PBXGroup section */

/* Begin PBXNativeTarget section */
		80211D6B21458BE1000F6121 /* Practica5 */ = {
			isa = PBXNativeTarget;
			buildConfigurationList = 80211D9421458BEE000F6121 /* Build configuration list for PBXNativeTarget "Practica5" */;
			buildPhases = (
				80211D6821458BE1000F6121 /* Sources */,
				80211D6921458BE1000F6121 /* Frameworks */,
				80211D6A21458BE1000F6121 /* Resources */,
			);
			buildRules = (
			);
			dependencies = (
			);
			name = Practica5;
			productName = Practica5;
			productReference = 80211D6C21458BE1000F6121 /* Practica5.app */;
			productType = "com.apple.product-type.application";
		};
		80211D7F21458BEE000F6121 /* Practica5Tests */ = {
			isa = PBXNativeTarget;
			buildConfigurationList = 80211D9721458BEE000F6121 /* Build configuration list for PBXNativeTarget "Practica5Tests" */;
			buildPhases = (
				80211D7C21458BEE000F6121 /* Sources */,
				80211D7D21458BEE000F6121 /* Frameworks */,
				80211D7E21458BEE000F6121 /* Resources */,
			);
			buildRules = (
			);
			dependencies = (
				80211D8221458BEE000F6121 /* PBXTargetDependency */,
			);
			name = Practica5Tests;
			productName = Practica5Tests;
			productReference = 80211D8021458BEE000F6121 /* Practica5Tests.xctest */;
			productType = "com.apple.product-type.bundle.unit-test";
		};
		80211D8A21458BEE000F6121 /* Practica5UITests */ = {
			isa = PBXNativeTarget;
			buildConfigurationList = 80211D9A21458BEE000F6121 /* Build configuration list for PBXNativeTarget "Practica5UITests" */;
			buildPhases = (
				80211D8721458BEE000F6121 /* Sources */,
				80211D8821458BEE000F6121 /* Frameworks */,
				80211D8921458BEE000F6121 /* Resources */,
			);
			buildRules = (
			);
			dependencies = (
				80211D8D21458BEE000F6121 /* PBXTargetDependency */,
			);
			name = Practica5UITests;
			productName = Practica5UITests;
			productReference = 80211D8B21458BEE000F6121 /* Practica5UITests.xctest */;
			productType = "com.apple.product-type.bundle.ui-testing";
		};
/* End PBXNativeTarget section */

/* Begin PBXProject section */
		80211D6421458BE1000F6121 /* Project object */ = {
			isa = PBXProject;
			attributes = {
				LastSwiftUpdateCheck = 0940;
				LastUpgradeCheck = 0940;
				ORGANIZATIONNAME = "Alan Olivares";
				TargetAttributes = {
					80211D6B21458BE1000F6121 = {
						CreatedOnToolsVersion = 9.4.1;
					};
					80211D7F21458BEE000F6121 = {
						CreatedOnToolsVersion = 9.4.1;
						TestTargetID = 80211D6B21458BE1000F6121;
					};
					80211D8A21458BEE000F6121 = {
						CreatedOnToolsVersion = 9.4.1;
						TestTargetID = 80211D6B21458BE1000F6121;
					};
				};
			};
			buildConfigurationList = 80211D6721458BE1000F6121 /* Build configuration list for PBXProject "Practica5" */;
			compatibilityVersion = "Xcode 9.3";
			developmentRegion = en;
			hasScannedForEncodings = 0;
			knownRegions = (
				en,
				Base,
			);
			mainGroup = 80211D6321458BE1000F6121;
			productRefGroup = 80211D6D21458BE1000F6121 /* Products */;
			projectDirPath = "";
			projectRoot = "";
			targets = (
				80211D6B21458BE1000F6121 /* Practica5 */,
				80211D7F21458BEE000F6121 /* Practica5Tests */,
				80211D8A21458BEE000F6121 /* Practica5UITests */,
			);
		};
/* End PBXProject section */

/* Begin PBXResourcesBuildPhase section */
		80211D6A21458BE1000F6121 /* Resources */ = {
			isa = PBXResourcesBuildPhase;
			buildActionMask = 2147483647;
			files = (
				80211D7A21458BEE000F6121 /* LaunchScreen.storyboard in Resources */,
				80211D7721458BEE000F6121 /* Assets.xcassets in Resources */,
				80211D7521458BE1000F6121 /* Main.storyboard in Resources */,
			);
			runOnlyForDeploymentPostprocessing = 0;
		};
		80211D7E21458BEE000F6121 /* Resources */ = {
			isa = PBXResourcesBuildPhase;
			buildActionMask = 2147483647;
			files = (
			);
			runOnlyForDeploymentPostprocessing = 0;
		};
		80211D8921458BEE000F6121 /* Resources */ = {
			isa = PBXResourcesBuildPhase;
			buildActionMask = 2147483647;
			files = (
			);
			runOnlyForDeploymentPostprocessing = 0;
		};
/* End PBXResourcesBuildPhase section */

/* Begin PBXSourcesBuildPhase section */
		80211D6821458BE1000F6121 /* Sources */ = {
			isa = PBXSourcesBuildPhase;
			buildActionMask = 2147483647;
			files = (
				80211D7221458BE1000F6121 /* ViewController.swift in Sources */,
				80211D7021458BE1000F6121 /* AppDelegate.swift in Sources */,
			);
			runOnlyForDeploymentPostprocessing = 0;
		};
		80211D7C21458BEE000F6121 /* Sources */ = {
			isa = PBXSourcesBuildPhase;
			buildActionMask = 2147483647;
			files = (
				80211D8521458BEE000F6121 /* Practica5Tests.swift in Sources */,
			);
			runOnlyForDeploymentPostprocessing = 0;
		};
		80211D8721458BEE000F6121 /* Sources */ = {
			isa = PBXSourcesBuildPhase;
			buildActionMask = 2147483647;
			files = (
				80211D9021458BEE000F6121 /* Practica5UITests.swift in Sources */,
			);
			runOnlyForDeploymentPostprocessing = 0;
		};
/* End PBXSourcesBuildPhase section */

/* Begin PBXTargetDependency section */
		80211D8221458BEE000F6121 /* PBXTargetDependency */ = {
			isa = PBXTargetDependency;
			target = 80211D6B21458BE1000F6121 /* Practica5 */;
			targetProxy = 80211D8121458BEE000F6121 /* PBXContainerItemProxy */;
		};
		80211D8D21458BEE000F6121 /* PBXTargetDependency */ = {
			isa = PBXTargetDependency;
			target = 80211D6B21458BE1000F6121 /* Practica5 */;
			targetProxy = 80211D8C21458BEE000F6121 /* PBXContainerItemProxy */;
		};
/* End PBXTargetDependency section */

/* Begin PBXVariantGroup section */
		80211D7321458BE1000F6121 /* Main.storyboard */ = {
			isa = PBXVariantGroup;
			children = (
				80211D7421458BE1000F6121 /* Base */,
			);
			name = Main.storyboard;
			sourceTree = "<group>";
		};
		80211D7821458BEE000F6121 /* LaunchScreen.storyboard */ = {
			isa = PBXVariantGroup;
			children = (
				80211D7921458BEE000F6121 /* Base */,
			);
			name = LaunchScreen.storyboard;
			sourceTree = "<group>";
		};
/* End PBXVariantGroup section */

/* Begin XCBuildConfiguration section */
		80211D9221458BEE000F6121 /* Debug */ = {
			isa = XCBuildConfiguration;
			buildSettings = {
				ALWAYS_SEARCH_USER_PATHS = NO;
				CLANG_ANALYZER_NONNULL = YES;
				CLANG_ANALYZER_NUMBER_OBJECT_CONVERSION = YES_AGGRESSIVE;
				CLANG_CXX_LANGUAGE_STANDARD = "gnu++14";
				CLANG_CXX_LIBRARY = "libc++";
				CLANG_ENABLE_MODULES = YES;
				CLANG_ENABLE_OBJC_ARC = YES;
				CLANG_ENABLE_OBJC_WEAK = YES;
				CLANG_WARN_BLOCK_CAPTURE_AUTORELEASING = YES;
				CLANG_WARN_BOOL_CONVERSION = YES;
				CLANG_WARN_COMMA = YES;
				CLANG_WARN_CONSTANT_CONVERSION = YES;
				CLANG_WARN_DEPRECATED_OBJC_IMPLEMENTATIONS = YES;
				CLANG_WARN_DIRECT_OBJC_ISA_USAGE = YES_ERROR;
				CLANG_WARN_DOCUMENTATION_COMMENTS = YES;
				CLANG_WARN_EMPTY_BODY = YES;
				CLANG_WARN_ENUM_CONVERSION = YES;
				CLANG_WARN_INFINITE_RECURSION = YES;
				CLANG_WARN_INT_CONVERSION = YES;
				CLANG_WARN_NON_LITERAL_NULL_CONVERSION = YES;
				CLANG_WARN_OBJC_IMPLICIT_RETAIN_SELF = YES;
				CLANG_WARN_OBJC_LITERAL_CONVERSION = YES;
				CLANG_WARN_OBJC_ROOT_CLASS = YES_ERROR;
				CLANG_WARN_RANGE_LOOP_ANALYSIS = YES;
				CLANG_WARN_STRICT_PROTOTYPES = YES;
				CLANG_WARN_SUSPICIOUS_MOVE = YES;
				CLANG_WARN_UNGUARDED_AVAILABILITY = YES_AGGRESSIVE;
				CLANG_WARN_UNREACHABLE_CODE = YES;
				CLANG_WARN__DUPLICATE_METHOD_MATCH = YES;
				CODE_SIGN_IDENTITY = "iPhone Developer";
				COPY_PHASE_STRIP = NO;
				DEBUG_INFORMATION_FORMAT = dwarf;
				ENABLE_STRICT_OBJC_MSGSEND = YES;
				ENABLE_TESTABILITY = YES;
				GCC_C_LANGUAGE_STANDARD = gnu11;
				GCC_DYNAMIC_NO_PIC = NO;
				GCC_NO_COMMON_BLOCKS = YES;
				GCC_OPTIMIZATION_LEVEL = 0;
				GCC_PREPROCESSOR_DEFINITIONS = (
					"DEBUG=1",
					"$(inherited)",
				);
				GCC_WARN_64_TO_32_BIT_CONVERSION = YES;
				GCC_WARN_ABOUT_RETURN_TYPE = YES_ERROR;
				GCC_WARN_UNDECLARED_SELECTOR = YES;
				GCC_WARN_UNINITIALIZED_AUTOS = YES_AGGRESSIVE;
				GCC_WARN_UNUSED_FUNCTION = YES;
				GCC_WARN_UNUSED_VARIABLE = YES;
				IPHONEOS_DEPLOYMENT_TARGET = 11.4;
				MTL_ENABLE_DEBUG_INFO = YES;
				ONLY_ACTIVE_ARCH = YES;
				SDKROOT = iphoneos;
				SWIFT_ACTIVE_COMPILATION_CONDITIONS = DEBUG;
				SWIFT_OPTIMIZATION_LEVEL = "-Onone";
			};
			name = Debug;
		};
		80211D9321458BEE000F6121 /* Release */ = {
			isa = XCBuildConfiguration;
			buildSettings = {
				ALWAYS_SEARCH_USER_PATHS = NO;
				CLANG_ANALYZER_NONNULL = YES;
				CLANG_ANALYZER_NUMBER_OBJECT_CONVERSION = YES_AGGRESSIVE;
				CLANG_CXX_LANGUAGE_STANDARD = "gnu++14";
				CLANG_CXX_LIBRARY = "libc++";
				CLANG_ENABLE_MODULES = YES;
				CLANG_ENABLE_OBJC_ARC = YES;
				CLANG_ENABLE_OBJC_WEAK = YES;
				CLANG_WARN_BLOCK_CAPTURE_AUTORELEASING = YES;
				CLANG_WARN_BOOL_CONVERSION = YES;
				CLANG_WARN_COMMA = YES;
				CLANG_WARN_CONSTANT_CONVERSION = YES;
				CLANG_WARN_DEPRECATED_OBJC_IMPLEMENTATIONS = YES;
				CLANG_WARN_DIRECT_OBJC_ISA_USAGE = YES_ERROR;
				CLANG_WARN_DOCUMENTATION_COMMENTS = YES;
				CLANG_WARN_EMPTY_BODY = YES;
				CLANG_WARN_ENUM_CONVERSION = YES;
				CLANG_WARN_INFINITE_RECURSION = YES;
				CLANG_WARN_INT_CONVERSION = YES;
				CLANG_WARN_NON_LITERAL_NULL_CONVERSION = YES;
				CLANG_WARN_OBJC_IMPLICIT_RETAIN_SELF = YES;
				CLANG_WARN_OBJC_LITERAL_CONVERSION = YES;
				CLANG_WARN_OBJC_ROOT_CLASS = YES_ERROR;
				CLANG_WARN_RANGE_LOOP_ANALYSIS = YES;
				CLANG_WARN_STRICT_PROTOTYPES = YES;
				CLANG_WARN_SUSPICIOUS_MOVE = YES;
				CLANG_WARN_UNGUARDED_AVAILABILITY = YES_AGGRESSIVE;
				CLANG_WARN_UNREACHABLE_CODE = YES;
				CLANG_WARN__DUPLICATE_METHOD_MATCH = YES;
				CODE_SIGN_IDENTITY = "iPhone Developer";
				COPY_PHASE_STRIP = NO;
				DEBUG_INFORMATION_FORMAT = "dwarf-with-dsym";
				ENABLE_NS_ASSERTIONS = NO;
				ENABLE_STRICT_OBJC_MSGSEND = YES;
				GCC_C_LANGUAGE_STANDARD = gnu11;
				GCC_NO_COMMON_BLOCKS = YES;
				GCC_WARN_64_TO_32_BIT_CONVERSION = YES;
				GCC_WARN_ABOUT_RETURN_TYPE = YES_ERROR;
				GCC_WARN_UNDECLARED_SELECTOR = YES;
				GCC_WARN_UNINITIALIZED_AUTOS = YES_AGGRESSIVE;
				GCC_WARN_UNUSED_FUNCTION = YES;
				GCC_WARN_UNUSED_VARIABLE = YES;
				IPHONEOS_DEPLOYMENT_TARGET = 11.4;
				MTL_ENABLE_DEBUG_INFO = NO;
				SDKROOT = iphoneos;
				SWIFT_COMPILATION_MODE = wholemodule;
				SWIFT_OPTIMIZATION_LEVEL = "-O";
				VALIDATE_PRODUCT = YES;
			};
			name = Release;
		};
		80211D9521458BEE000F6121 /* Debug */ = {
			isa = XCBuildConfiguration;
			buildSettings = {
				ASSETCATALOG_COMPILER_APPICON_NAME = AppIcon;
				CODE_SIGN_STYLE = Automatic;
				INFOPLIST_FILE = Practica5/Info.plist;
				LD_RUNPATH_SEARCH_PATHS = (
					"$(inherited)",
					"@executable_path/Frameworks",
				);
				PRODUCT_BUNDLE_IDENTIFIER = Alan.Practica5;
				PRODUCT_NAME = "$(TARGET_NAME)";
				SWIFT_VERSION = 4.0;
				TARGETED_DEVICE_FAMILY = "1,2";
			};
			name = Debug;
		};
		80211D9621458BEE000F6121 /* Release */ = {
			isa = XCBuildConfiguration;
			buildSettings = {
				ASSETCATALOG_COMPILER_APPICON_NAME = AppIcon;
				CODE_SIGN_STYLE = Automatic;
				INFOPLIST_FILE = Practica5/Info.plist;
				LD_RUNPATH_SEARCH_PATHS = (
					"$(inherited)",
					"@executable_path/Frameworks",
				);
				PRODUCT_BUNDLE_IDENTIFIER = Alan.Practica5;
				PRODUCT_NAME = "$(TARGET_NAME)";
				SWIFT_VERSION = 4.0;
				TARGETED_DEVICE_FAMILY = "1,2";
			};
			name = Release;
		};
		80211D9821458BEE000F6121 /* Debug */ = {
			isa = XCBuildConfiguration;
			buildSettings = {
				ALWAYS_EMBED_SWIFT_STANDARD_LIBRARIES = YES;
				BUNDLE_LOADER = "$(TEST_HOST)";
				CODE_SIGN_STYLE = Automatic;
				INFOPLIST_FILE = Practica5Tests/Info.plist;
				LD_RUNPATH_SEARCH_PATHS = (
					"$(inherited)",
					"@executable_path/Frameworks",
					"@loader_path/Frameworks",
				);
				PRODUCT_BUNDLE_IDENTIFIER = Alan.Practica5Tests;
				PRODUCT_NAME = "$(TARGET_NAME)";
				SWIFT_VERSION = 4.0;
				TARGETED_DEVICE_FAMILY = "1,2";
				TEST_HOST = "$(BUILT_PRODUCTS_DIR)/Practica5.app/Practica5";
			};
			name = Debug;
		};
		80211D9921458BEE000F6121 /* Release */ = {
			isa = XCBuildConfiguration;
			buildSettings = {
				ALWAYS_EMBED_SWIFT_STANDARD_LIBRARIES = YES;
				BUNDLE_LOADER = "$(TEST_HOST)";
				CODE_SIGN_STYLE = Automatic;
				INFOPLIST_FILE = Practica5Tests/Info.plist;
				LD_RUNPATH_SEARCH_PATHS = (
					"$(inherited)",
					"@executable_path/Frameworks",
					"@loader_path/Frameworks",
				);
				PRODUCT_BUNDLE_IDENTIFIER = Alan.Practica5Tests;
				PRODUCT_NAME = "$(TARGET_NAME)";
				SWIFT_VERSION = 4.0;
				TARGETED_DEVICE_FAMILY = "1,2";
				TEST_HOST = "$(BUILT_PRODUCTS_DIR)/Practica5.app/Practica5";
			};
			name = Release;
		};
		80211D9B21458BEE000F6121 /* Debug */ = {
			isa = XCBuildConfiguration;
			buildSettings = {
				ALWAYS_EMBED_SWIFT_STANDARD_LIBRARIES = YES;
				CODE_SIGN_STYLE = Automatic;
				INFOPLIST_FILE = Practica5UITests/Info.plist;
				LD_RUNPATH_SEARCH_PATHS = (
					"$(inherited)",
					"@executable_path/Frameworks",
					"@loader_path/Frameworks",
				);
				PRODUCT_BUNDLE_IDENTIFIER = Alan.Practica5UITests;
				PRODUCT_NAME = "$(TARGET_NAME)";
				SWIFT_VERSION = 4.0;
				TARGETED_DEVICE_FAMILY = "1,2";
				TEST_TARGET_NAME = Practica5;
			};
			name = Debug;
		};
		80211D9C21458BEE000F6121 /* Release */ = {
			isa = XCBuildConfiguration;
			buildSettings = {
				ALWAYS_EMBED_SWIFT_STANDARD_LIBRARIES = YES;
				CODE_SIGN_STYLE = Automatic;
				INFOPLIST_FILE = Practica5UITests/Info.plist;
				LD_RUNPATH_SEARCH_PATHS = (
					"$(inherited)",
					"@executable_path/Frameworks",
					"@loader_path/Frameworks",
				);
				PRODUCT_BUNDLE_IDENTIFIER = Alan.Practica5UITests;
				PRODUCT_NAME = "$(TARGET_NAME)";
				SWIFT_VERSION = 4.0;
				TARGETED_DEVICE_FAMILY = "1,2";
				TEST_TARGET_NAME = Practica5;
			};
			name = Release;
		};
/* End XCBuildConfiguration section */

/* Begin XCConfigurationList section */
		80211D6721458BE1000F6121 /* Build configuration list for PBXProject "Practica5" */ = {
			isa = XCConfigurationList;
			buildConfigurations = (
				80211D9221458BEE000F6121 /* Debug */,
				80211D9321458BEE000F6121 /* Release */,
			);
			defaultConfigurationIsVisible = 0;
			defaultConfigurationName = Release;
		};
		80211D9421458BEE000F6121 /* Build configuration list for PBXNativeTarget "Practica5" */ = {
			isa = XCConfigurationList;
			buildConfigurations = (
				80211D9521458BEE000F6121 /* Debug */,
				80211D9621458BEE000F6121 /* Release */,
			);
			defaultConfigurationIsVisible = 0;
			defaultConfigurationName = Release;
		};
		80211D9721458BEE000F6121 /* Build configuration list for PBXNativeTarget "Practica5Tests" */ = {
			isa = XCConfigurationList;
			buildConfigurations = (
				80211D9821458BEE000F6121 /* Debug */,
				80211D9921458BEE000F6121 /* Release */,
			);
			defaultConfigurationIsVisible = 0;
			defaultConfigurationName = Release;
		};
		80211D9A21458BEE000F6121 /* Build configuration list for PBXNativeTarget "Practica5UITests" */ = {
			isa = XCConfigurationList;
			buildConfigurations = (
				80211D9B21458BEE000F6121 /* Debug */,
				80211D9C21458BEE000F6121 /* Release */,
			);
			defaultConfigurationIsVisible = 0;
			defaultConfigurationName = Release;
		};
/* End XCConfigurationList section */
	};
	rootObject = 80211D6421458BE1000F6121 /* Project object */;
}
